// !$*UTF8*$!
{
	archiveVersion = 1;
	classes = {
	};
	objectVersion = 50;
	objects = {

/* Begin PBXBuildFile section */
		859566E22137DEE40065ADF2 /* AppDelegate.m in Sources */ = {isa = PBXBuildFile; fileRef = 859566E12137DEE40065ADF2 /* AppDelegate.m */; };
		859566E52137DEE40065ADF2 /* ViewController.m in Sources */ = {isa = PBXBuildFile; fileRef = 859566E42137DEE40065ADF2 /* ViewController.m */; };
		859566E82137DEE40065ADF2 /* Main.storyboard in Resources */ = {isa = PBXBuildFile; fileRef = 859566E62137DEE40065ADF2 /* Main.storyboard */; };
		859566EA2137DEFE0065ADF2 /* Assets.xcassets in Resources */ = {isa = PBXBuildFile; fileRef = 859566E92137DEFE0065ADF2 /* Assets.xcassets */; };
		859566F02137DEFF0065ADF2 /* main.m in Sources */ = {isa = PBXBuildFile; fileRef = 859566EF2137DEFF0065ADF2 /* main.m */; };
		859566FA2137DEFF0065ADF2 /* SlowWorkerTests.m in Sources */ = {isa = PBXBuildFile; fileRef = 859566F92137DEFF0065ADF2 /* SlowWorkerTests.m */; };
		859567052137DEFF0065ADF2 /* SlowWorkerUITests.m in Sources */ = {isa = PBXBuildFile; fileRef = 859567042137DEFF0065ADF2 /* SlowWorkerUITests.m */; };
/* End PBXBuildFile section */

/* Begin PBXContainerItemProxy section */
		859566F62137DEFF0065ADF2 /* PBXContainerItemProxy */ = {
			isa = PBXContainerItemProxy;
			containerPortal = 859566D52137DEE40065ADF2 /* Project object */;
			proxyType = 1;
			remoteGlobalIDString = 859566DC2137DEE40065ADF2;
			remoteInfo = SlowWorker;
		};
		859567012137DEFF0065ADF2 /* PBXContainerItemProxy */ = {
			isa = PBXContainerItemProxy;
			containerPortal = 859566D52137DEE40065ADF2 /* Project object */;
			proxyType = 1;
			remoteGlobalIDString = 859566DC2137DEE40065ADF2;
			remoteInfo = SlowWorker;
		};
/* End PBXContainerItemProxy section */

/* Begin PBXFileReference section */
		859566DD2137DEE40065ADF2 /* SlowWorker.app */ = {isa = PBXFileReference; explicitFileType = wrapper.application; includeInIndex = 0; path = SlowWorker.app; sourceTree = BUILT_PRODUCTS_DIR; };
		859566E02137DEE40065ADF2 /* AppDelegate.h */ = {isa = PBXFileReference; lastKnownFileType = sourcecode.c.h; path = AppDelegate.h; sourceTree = "<group>"; };
		859566E12137DEE40065ADF2 /* AppDelegate.m */ = {isa = PBXFileReference; lastKnownFileType = sourcecode.c.objc; path = AppDelegate.m; sourceTree = "<group>"; };
		859566E32137DEE40065ADF2 /* ViewController.h */ = {isa = PBXFileReference; lastKnownFileType = sourcecode.c.h; path = ViewController.h; sourceTree = "<group>"; };
		859566E42137DEE40065ADF2 /* ViewController.m */ = {isa = PBXFileReference; lastKnownFileType = sourcecode.c.objc; path = ViewController.m; sourceTree = "<group>"; };
		859566E72137DEE40065ADF2 /* Base */ = {isa = PBXFileReference; lastKnownFileType = file.storyboard; name = Base; path = Base.lproj/Main.storyboard; sourceTree = "<group>"; };
		859566E92137DEFE0065ADF2 /* Assets.xcassets */ = {isa = PBXFileReference; lastKnownFileType = folder.assetcatalog; path = Assets.xcassets; sourceTree = "<group>"; };
		859566EE2137DEFF0065ADF2 /* Info.plist */ = {isa = PBXFileReference; lastKnownFileType = text.plist.xml; path = Info.plist; sourceTree = "<group>"; };
		859566EF2137DEFF0065ADF2 /* main.m */ = {isa = PBXFileReference; lastKnownFileType = sourcecode.c.objc; path = main.m; sourceTree = "<group>"; };
		859566F52137DEFF0065ADF2 /* SlowWorkerTests.xctest */ = {isa = PBXFileReference; explicitFileType = wrapper.cfbundle; includeInIndex = 0; path = SlowWorkerTests.xctest; sourceTree = BUILT_PRODUCTS_DIR; };
		859566F92137DEFF0065ADF2 /* SlowWorkerTests.m */ = {isa = PBXFileReference; lastKnownFileType = sourcecode.c.objc; path = SlowWorkerTests.m; sourceTree = "<group>"; };
		859566FB2137DEFF0065ADF2 /* Info.plist */ = {isa = PBXFileReference; lastKnownFileType = text.plist.xml; path = Info.plist; sourceTree = "<group>"; };
		859567002137DEFF0065ADF2 /* SlowWorkerUITests.xctest */ = {isa = PBXFileReference; explicitFileType = wrapper.cfbundle; includeInIndex = 0; path = SlowWorkerUITests.xctest; sourceTree = BUILT_PRODUCTS_DIR; };
		859567042137DEFF0065ADF2 /* SlowWorkerUITests.m */ = {isa = PBXFileReference; lastKnownFileType = sourcecode.c.objc; path = SlowWorkerUITests.m; sourceTree = "<group>"; };
		859567062137DEFF0065ADF2 /* Info.plist */ = {isa = PBXFileReference; lastKnownFileType = text.plist.xml; path = Info.plist; sourceTree = "<group>"; };
/* End PBXFileReference section */

/* Begin PBXFrameworksBuildPhase section */
		859566DA2137DEE40065ADF2 /* Frameworks */ = {
			isa = PBXFrameworksBuildPhase;
			buildActionMask = 2147483647;
			files = (
			);
			runOnlyForDeploymentPostprocessing = 0;
		};
		859566F22137DEFF0065ADF2 /* Frameworks */ = {
			isa = PBXFrameworksBuildPhase;
			buildActionMask = 2147483647;
			files = (
			);
			runOnlyForDeploymentPostprocessing = 0;
		};
		859566FD2137DEFF0065ADF2 /* Frameworks */ = {
			isa = PBXFrameworksBuildPhase;
			buildActionMask = 2147483647;
			files = (
			);
			runOnlyForDeploymentPostprocessing = 0;
		};
/* End PBXFrameworksBuildPhase section */

/* Begin PBXGroup section */
		859566D42137DEE40065ADF2 = {
			isa = PBXGroup;
			children = (
				859566DF2137DEE40065ADF2 /* SlowWorker */,
				859566F82137DEFF0065ADF2 /* SlowWorkerTests */,
				859567032137DEFF0065ADF2 /* SlowWorkerUITests */,
				859566DE2137DEE40065ADF2 /* Products */,
			);
			sourceTree = "<group>";
		};
		859566DE2137DEE40065ADF2 /* Products */ = {
			isa = PBXGroup;
			children = (
				859566DD2137DEE40065ADF2 /* SlowWorker.app */,
				859566F52137DEFF0065ADF2 /* SlowWorkerTests.xctest */,
				859567002137DEFF0065ADF2 /* SlowWorkerUITests.xctest */,
			);
			name = Products;
			sourceTree = "<group>";
		};
		859566DF2137DEE40065ADF2 /* SlowWorker */ = {
			isa = PBXGroup;
			children = (
				859566E02137DEE40065ADF2 /* AppDelegate.h */,
				859566E12137DEE40065ADF2 /* AppDelegate.m */,
				859566E32137DEE40065ADF2 /* ViewController.h */,
				859566E42137DEE40065ADF2 /* ViewController.m */,
				859566E62137DEE40065ADF2 /* Main.storyboard */,
				859566E92137DEFE0065ADF2 /* Assets.xcassets */,
				859566EE2137DEFF0065ADF2 /* Info.plist */,
				859566EF2137DEFF0065ADF2 /* main.m */,
			);
			path = SlowWorker;
			sourceTree = "<group>";
		};
		859566F82137DEFF0065ADF2 /* SlowWorkerTests */ = {
			isa = PBXGroup;
			children = (
				859566F92137DEFF0065ADF2 /* SlowWorkerTests.m */,
				859566FB2137DEFF0065ADF2 /* Info.plist */,
			);
			path = SlowWorkerTests;
			sourceTree = "<group>";
		};
		859567032137DEFF0065ADF2 /* SlowWorkerUITests */ = {
			isa = PBXGroup;
			children = (
				859567042137DEFF0065ADF2 /* SlowWorkerUITests.m */,
				859567062137DEFF0065ADF2 /* Info.plist */,
			);
			path = SlowWorkerUITests;
			sourceTree = "<group>";
		};
/* End PBXGroup section */

/* Begin PBXNativeTarget section */
		859566DC2137DEE40065ADF2 /* SlowWorker */ = {
			isa = PBXNativeTarget;
			buildConfigurationList = 859567092137DEFF0065ADF2 /* Build configuration list for PBXNativeTarget "SlowWorker" */;
			buildPhases = (
				859566D92137DEE40065ADF2 /* Sources */,
				859566DA2137DEE40065ADF2 /* Frameworks */,
				859566DB2137DEE40065ADF2 /* Resources */,
			);
			buildRules = (
			);
			dependencies = (
			);
			name = SlowWorker;
			productName = SlowWorker;
			productReference = 859566DD2137DEE40065ADF2 /* SlowWorker.app */;
			productType = "com.apple.product-type.application";
		};
		859566F42137DEFF0065ADF2 /* SlowWorkerTests */ = {
			isa = PBXNativeTarget;
			buildConfigurationList = 8595670C2137DEFF0065ADF2 /* Build configuration list for PBXNativeTarget "SlowWorkerTests" */;
			buildPhases = (
				859566F12137DEFF0065ADF2 /* Sources */,
				859566F22137DEFF0065ADF2 /* Frameworks */,
				859566F32137DEFF0065ADF2 /* Resources */,
			);
			buildRules = (
			);
			dependencies = (
				859566F72137DEFF0065ADF2 /* PBXTargetDependency */,
			);
			name = SlowWorkerTests;
			productName = SlowWorkerTests;
			productReference = 859566F52137DEFF0065ADF2 /* SlowWorkerTests.xctest */;
			productType = "com.apple.product-type.bundle.unit-test";
		};
		859566FF2137DEFF0065ADF2 /* SlowWorkerUITests */ = {
			isa = PBXNativeTarget;
			buildConfigurationList = 8595670F2137DEFF0065ADF2 /* Build configuration list for PBXNativeTarget "SlowWorkerUITests" */;
			buildPhases = (
				859566FC2137DEFF0065ADF2 /* Sources */,
				859566FD2137DEFF0065ADF2 /* Frameworks */,
				859566FE2137DEFF0065ADF2 /* Resources */,
			);
			buildRules = (
			);
			dependencies = (
				859567022137DEFF0065ADF2 /* PBXTargetDependency */,
			);
			name = SlowWorkerUITests;
			productName = SlowWorkerUITests;
			productReference = 859567002137DEFF0065ADF2 /* SlowWorkerUITests.xctest */;
			productType = "com.apple.product-type.bundle.ui-testing";
		};
/* End PBXNativeTarget section */

/* Begin PBXProject section */
		859566D52137DEE40065ADF2 /* Project object */ = {
			isa = PBXProject;
			attributes = {
				LastUpgradeCheck = 0940;
				ORGANIZATIONNAME = MERA;
				TargetAttributes = {
					859566DC2137DEE40065ADF2 = {
						CreatedOnToolsVersion = 9.4.1;
					};
					859566F42137DEFF0065ADF2 = {
						CreatedOnToolsVersion = 9.4.1;
						TestTargetID = 859566DC2137DEE40065ADF2;
					};
					859566FF2137DEFF0065ADF2 = {
						CreatedOnToolsVersion = 9.4.1;
						TestTargetID = 859566DC2137DEE40065ADF2;
					};
				};
			};
			buildConfigurationList = 859566D82137DEE40065ADF2 /* Build configuration list for PBXProject "SlowWorker" */;
			compatibilityVersion = "Xcode 9.3";
			developmentRegion = en;
			hasScannedForEncodings = 0;
			knownRegions = (
				en,
				Base,
			);
			mainGroup = 859566D42137DEE40065ADF2;
			productRefGroup = 859566DE2137DEE40065ADF2 /* Products */;
			projectDirPath = "";
			projectRoot = "";
			targets = (
				859566DC2137DEE40065ADF2 /* SlowWorker */,
				859566F42137DEFF0065ADF2 /* SlowWorkerTests */,
				859566FF2137DEFF0065ADF2 /* SlowWorkerUITests */,
			);
		};
/* End PBXProject section */

/* Begin PBXResourcesBuildPhase section */
		859566DB2137DEE40065ADF2 /* Resources */ = {
			isa = PBXResourcesBuildPhase;
			buildActionMask = 2147483647;
			files = (
				859566EA2137DEFE0065ADF2 /* Assets.xcassets in Resources */,
				859566E82137DEE40065ADF2 /* Main.storyboard in Resources */,
			);
			runOnlyForDeploymentPostprocessing = 0;
		};
		859566F32137DEFF0065ADF2 /* Resources */ = {
			isa = PBXResourcesBuildPhase;
			buildActionMask = 2147483647;
			files = (
			);
			runOnlyForDeploymentPostprocessing = 0;
		};
		859566FE2137DEFF0065ADF2 /* Resources */ = {
			isa = PBXResourcesBuildPhase;
			buildActionMask = 2147483647;
			files = (
			);
			runOnlyForDeploymentPostprocessing = 0;
		};
/* End PBXResourcesBuildPhase section */

/* Begin PBXSourcesBuildPhase section */
		859566D92137DEE40065ADF2 /* Sources */ = {
			isa = PBXSourcesBuildPhase;
			buildActionMask = 2147483647;
			files = (
				859566E52137DEE40065ADF2 /* ViewController.m in Sources */,
				859566F02137DEFF0065ADF2 /* main.m in Sources */,
				859566E22137DEE40065ADF2 /* AppDelegate.m in Sources */,
			);
			runOnlyForDeploymentPostprocessing = 0;
		};
		859566F12137DEFF0065ADF2 /* Sources */ = {
			isa = PBXSourcesBuildPhase;
			buildActionMask = 2147483647;
			files = (
				859566FA2137DEFF0065ADF2 /* SlowWorkerTests.m in Sources */,
			);
			runOnlyForDeploymentPostprocessing = 0;
		};
		859566FC2137DEFF0065ADF2 /* Sources */ = {
			isa = PBXSourcesBuildPhase;
			buildActionMask = 2147483647;
			files = (
				859567052137DEFF0065ADF2 /* SlowWorkerUITests.m in Sources */,
			);
			runOnlyForDeploymentPostprocessing = 0;
		};
/* End PBXSourcesBuildPhase section */

/* Begin PBXTargetDependency section */
		859566F72137DEFF0065ADF2 /* PBXTargetDependency */ = {
			isa = PBXTargetDependency;
			target = 859566DC2137DEE40065ADF2 /* SlowWorker */;
			targetProxy = 859566F62137DEFF0065ADF2 /* PBXContainerItemProxy */;
		};
		859567022137DEFF0065ADF2 /* PBXTargetDependency */ = {
			isa = PBXTargetDependency;
			target = 859566DC2137DEE40065ADF2 /* SlowWorker */;
			targetProxy = 859567012137DEFF0065ADF2 /* PBXContainerItemProxy */;
		};
/* End PBXTargetDependency section */

/* Begin PBXVariantGroup section */
		859566E62137DEE40065ADF2 /* Main.storyboard */ = {
			isa = PBXVariantGroup;
			children = (
				859566E72137DEE40065ADF2 /* Base */,
			);
			name = Main.storyboard;
			sourceTree = "<group>";
		};
/* End PBXVariantGroup section */

/* Begin XCBuildConfiguration section */
		859567072137DEFF0065ADF2 /* Debug */ = {
			isa = XCBuildConfiguration;
			buildSettings = {
				ALWAYS_SEARCH_USER_PATHS = NO;
				CLANG_ANALYZER_NONNULL = YES;
				CLANG_ANALYZER_NUMBER_OBJECT_CONVERSION = YES_AGGRESSIVE;
				CLANG_CXX_LANGUAGE_STANDARD = "gnu++14";
				CLANG_CXX_LIBRARY = "libc++";
				CLANG_ENABLE_MODULES = YES;
				CLANG_ENABLE_OBJC_ARC = YES;
				CLANG_ENABLE_OBJC_WEAK = YES;
				CLANG_WARN_BLOCK_CAPTURE_AUTORELEASING = YES;
				CLANG_WARN_BOOL_CONVERSION = YES;
				CLANG_WARN_COMMA = YES;
				CLANG_WARN_CONSTANT_CONVERSION = YES;
				CLANG_WARN_DEPRECATED_OBJC_IMPLEMENTATIONS = YES;
				CLANG_WARN_DIRECT_OBJC_ISA_USAGE = YES_ERROR;
				CLANG_WARN_DOCUMENTATION_COMMENTS = YES;
				CLANG_WARN_EMPTY_BODY = YES;
				CLANG_WARN_ENUM_CONVERSION = YES;
				CLANG_WARN_INFINITE_RECURSION = YES;
				CLANG_WARN_INT_CONVERSION = YES;
				CLANG_WARN_NON_LITERAL_NULL_CONVERSION = YES;
				CLANG_WARN_OBJC_IMPLICIT_RETAIN_SELF = YES;
				CLANG_WARN_OBJC_LITERAL_CONVERSION = YES;
				CLANG_WARN_OBJC_ROOT_CLASS = YES_ERROR;
				CLANG_WARN_RANGE_LOOP_ANALYSIS = YES;
				CLANG_WARN_STRICT_PROTOTYPES = YES;
				CLANG_WARN_SUSPICIOUS_MOVE = YES;
				CLANG_WARN_UNGUARDED_AVAILABILITY = YES_AGGRESSIVE;
				CLANG_WARN_UNREACHABLE_CODE = YES;
				CLANG_WARN__DUPLICATE_METHOD_MATCH = YES;
				CODE_SIGN_IDENTITY = "iPhone Developer";
				COPY_PHASE_STRIP = NO;
				DEBUG_INFORMATION_FORMAT = dwarf;
				ENABLE_STRICT_OBJC_MSGSEND = YES;
				ENABLE_TESTABILITY = YES;
				GCC_C_LANGUAGE_STANDARD = gnu11;
				GCC_DYNAMIC_NO_PIC = NO;
				GCC_NO_COMMON_BLOCKS = YES;
				GCC_OPTIMIZATION_LEVEL = 0;
				GCC_PREPROCESSOR_DEFINITIONS = (
					"DEBUG=1",
					"$(inherited)",
				);
				GCC_WARN_64_TO_32_BIT_CONVERSION = YES;
				GCC_WARN_ABOUT_RETURN_TYPE = YES_ERROR;
				GCC_WARN_UNDECLARED_SELECTOR = YES;
				GCC_WARN_UNINITIALIZED_AUTOS = YES_AGGRESSIVE;
				GCC_WARN_UNUSED_FUNCTION = YES;
				GCC_WARN_UNUSED_VARIABLE = YES;
				IPHONEOS_DEPLOYMENT_TARGET = 11.4;
				MTL_ENABLE_DEBUG_INFO = YES;
				ONLY_ACTIVE_ARCH = YES;
				SDKROOT = iphoneos;
			};
			name = Debug;
		};
		859567082137DEFF0065ADF2 /* Release */ = {
			isa = XCBuildConfiguration;
			buildSettings = {
				ALWAYS_SEARCH_USER_PATHS = NO;
				CLANG_ANALYZER_NONNULL = YES;
				CLANG_ANALYZER_NUMBER_OBJECT_CONVERSION = YES_AGGRESSIVE;
				CLANG_CXX_LANGUAGE_STANDARD = "gnu++14";
				CLANG_CXX_LIBRARY = "libc++";
				CLANG_ENABLE_MODULES = YES;
				CLANG_ENABLE_OBJC_ARC = YES;
				CLANG_ENABLE_OBJC_WEAK = YES;
				CLANG_WARN_BLOCK_CAPTURE_AUTORELEASING = YES;
				CLANG_WARN_BOOL_CONVERSION = YES;
				CLANG_WARN_COMMA = YES;
				CLANG_WARN_CONSTANT_CONVERSION = YES;
				CLANG_WARN_DEPRECATED_OBJC_IMPLEMENTATIONS = YES;
				CLANG_WARN_DIRECT_OBJC_ISA_USAGE = YES_ERROR;
				CLANG_WARN_DOCUMENTATION_COMMENTS = YES;
				CLANG_WARN_EMPTY_BODY = YES;
				CLANG_WARN_ENUM_CONVERSION = YES;
				CLANG_WARN_INFINITE_RECURSION = YES;
				CLANG_WARN_INT_CONVERSION = YES;
				CLANG_WARN_NON_LITERAL_NULL_CONVERSION = YES;
				CLANG_WARN_OBJC_IMPLICIT_RETAIN_SELF = YES;
				CLANG_WARN_OBJC_LITERAL_CONVERSION = YES;
				CLANG_WARN_OBJC_ROOT_CLASS = YES_ERROR;
				CLANG_WARN_RANGE_LOOP_ANALYSIS = YES;
				CLANG_WARN_STRICT_PROTOTYPES = YES;
				CLANG_WARN_SUSPICIOUS_MOVE = YES;
				CLANG_WARN_UNGUARDED_AVAILABILITY = YES_AGGRESSIVE;
				CLANG_WARN_UNREACHABLE_CODE = YES;
				CLANG_WARN__DUPLICATE_METHOD_MATCH = YES;
				CODE_SIGN_IDENTITY = "iPhone Developer";
				COPY_PHASE_STRIP = NO;
				DEBUG_INFORMATION_FORMAT = "dwarf-with-dsym";
				ENABLE_NS_ASSERTIONS = NO;
				ENABLE_STRICT_OBJC_MSGSEND = YES;
				GCC_C_LANGUAGE_STANDARD = gnu11;
				GCC_NO_COMMON_BLOCKS = YES;
				GCC_WARN_64_TO_32_BIT_CONVERSION = YES;
				GCC_WARN_ABOUT_RETURN_TYPE = YES_ERROR;
				GCC_WARN_UNDECLARED_SELECTOR = YES;
				GCC_WARN_UNINITIALIZED_AUTOS = YES_AGGRESSIVE;
				GCC_WARN_UNUSED_FUNCTION = YES;
				GCC_WARN_UNUSED_VARIABLE = YES;
				IPHONEOS_DEPLOYMENT_TARGET = 11.4;
				MTL_ENABLE_DEBUG_INFO = NO;
				SDKROOT = iphoneos;
				VALIDATE_PRODUCT = YES;
			};
			name = Release;
		};
		8595670A2137DEFF0065ADF2 /* Debug */ = {
			isa = XCBuildConfiguration;
			buildSettings = {
				ASSETCATALOG_COMPILER_APPICON_NAME = AppIcon;
				CODE_SIGN_STYLE = Automatic;
				INFOPLIST_FILE = SlowWorker/Info.plist;
				LD_RUNPATH_SEARCH_PATHS = (
					"$(inherited)",
					"@executable_path/Frameworks",
				);
				PRODUCT_BUNDLE_IDENTIFIER = MERA.acheck.SlowWorker;
				PRODUCT_NAME = "$(TARGET_NAME)";
				TARGETED_DEVICE_FAMILY = "1,2";
			};
			name = Debug;
		};
		8595670B2137DEFF0065ADF2 /* Release */ = {
			isa = XCBuildConfiguration;
			buildSettings = {
				ASSETCATALOG_COMPILER_APPICON_NAME = AppIcon;
				CODE_SIGN_STYLE = Automatic;
				INFOPLIST_FILE = SlowWorker/Info.plist;
				LD_RUNPATH_SEARCH_PATHS = (
					"$(inherited)",
					"@executable_path/Frameworks",
				);
				PRODUCT_BUNDLE_IDENTIFIER = MERA.acheck.SlowWorker;
				PRODUCT_NAME = "$(TARGET_NAME)";
				TARGETED_DEVICE_FAMILY = "1,2";
			};
			name = Release;
		};
		8595670D2137DEFF0065ADF2 /* Debug */ = {
			isa = XCBuildConfiguration;
			buildSettings = {
				BUNDLE_LOADER = "$(TEST_HOST)";
				CODE_SIGN_STYLE = Automatic;
				INFOPLIST_FILE = SlowWorkerTests/Info.plist;
				LD_RUNPATH_SEARCH_PATHS = (
					"$(inherited)",
					"@executable_path/Frameworks",
					"@loader_path/Frameworks",
				);
				PRODUCT_BUNDLE_IDENTIFIER = MERA.acheck.SlowWorkerTests;
				PRODUCT_NAME = "$(TARGET_NAME)";
				TARGETED_DEVICE_FAMILY = "1,2";
				TEST_HOST = "$(BUILT_PRODUCTS_DIR)/SlowWorker.app/SlowWorker";
			};
			name = Debug;
		};
		8595670E2137DEFF0065ADF2 /* Release */ = {
			isa = XCBuildConfiguration;
			buildSettings = {
				BUNDLE_LOADER = "$(TEST_HOST)";
				CODE_SIGN_STYLE = Automatic;
				INFOPLIST_FILE = SlowWorkerTests/Info.plist;
				LD_RUNPATH_SEARCH_PATHS = (
					"$(inherited)",
					"@executable_path/Frameworks",
					"@loader_path/Frameworks",
				);
				PRODUCT_BUNDLE_IDENTIFIER = MERA.acheck.SlowWorkerTests;
				PRODUCT_NAME = "$(TARGET_NAME)";
				TARGETED_DEVICE_FAMILY = "1,2";
				TEST_HOST = "$(BUILT_PRODUCTS_DIR)/SlowWorker.app/SlowWorker";
			};
			name = Release;
		};
		859567102137DEFF0065ADF2 /* Debug */ = {
			isa = XCBuildConfiguration;
			buildSettings = {
				CODE_SIGN_STYLE = Automatic;
				INFOPLIST_FILE = SlowWorkerUITests/Info.plist;
				LD_RUNPATH_SEARCH_PATHS = (
					"$(inherited)",
					"@executable_path/Frameworks",
					"@loader_path/Frameworks",
				);
				PRODUCT_BUNDLE_IDENTIFIER = MERA.acheck.SlowWorkerUITests;
				PRODUCT_NAME = "$(TARGET_NAME)";
				TARGETED_DEVICE_FAMILY = "1,2";
				TEST_TARGET_NAME = SlowWorker;
			};
			name = Debug;
		};
		859567112137DEFF0065ADF2 /* Release */ = {
			isa = XCBuildConfiguration;
			buildSettings = {
				CODE_SIGN_STYLE = Automatic;
				INFOPLIST_FILE = SlowWorkerUITests/Info.plist;
				LD_RUNPATH_SEARCH_PATHS = (
					"$(inherited)",
					"@executable_path/Frameworks",
					"@loader_path/Frameworks",
				);
				PRODUCT_BUNDLE_IDENTIFIER = MERA.acheck.SlowWorkerUITests;
				PRODUCT_NAME = "$(TARGET_NAME)";
				TARGETED_DEVICE_FAMILY = "1,2";
				TEST_TARGET_NAME = SlowWorker;
			};
			name = Release;
		};
/* End XCBuildConfiguration section */

/* Begin XCConfigurationList section */
		859566D82137DEE40065ADF2 /* Build configuration list for PBXProject "SlowWorker" */ = {
			isa = XCConfigurationList;
			buildConfigurations = (
				859567072137DEFF0065ADF2 /* Debug */,
				859567082137DEFF0065ADF2 /* Release */,
			);
			defaultConfigurationIsVisible = 0;
			defaultConfigurationName = Release;
		};
		859567092137DEFF0065ADF2 /* Build configuration list for PBXNativeTarget "SlowWorker" */ = {
			isa = XCConfigurationList;
			buildConfigurations = (
				8595670A2137DEFF0065ADF2 /* Debug */,
				8595670B2137DEFF0065ADF2 /* Release */,
			);
			defaultConfigurationIsVisible = 0;
			defaultConfigurationName = Release;
		};
		8595670C2137DEFF0065ADF2 /* Build configuration list for PBXNativeTarget "SlowWorkerTests" */ = {
			isa = XCConfigurationList;
			buildConfigurations = (
				8595670D2137DEFF0065ADF2 /* Debug */,
				8595670E2137DEFF0065ADF2 /* Release */,
			);
			defaultConfigurationIsVisible = 0;
			defaultConfigurationName = Release;
		};
		8595670F2137DEFF0065ADF2 /* Build configuration list for PBXNativeTarget "SlowWorkerUITests" */ = {
			isa = XCConfigurationList;
			buildConfigurations = (
				859567102137DEFF0065ADF2 /* Debug */,
				859567112137DEFF0065ADF2 /* Release */,
			);
			defaultConfigurationIsVisible = 0;
			defaultConfigurationName = Release;
		};
/* End XCConfigurationList section */
	};
	rootObject = 859566D52137DEE40065ADF2 /* Project object */;
}
